
Microsoft Visual Studio Solution File, Format Version 12.00
# Visual Studio 15
VisualStudioVersion = 15.0.28307.168
MinimumVisualStudioVersion = 10.0.40219.1
Project("{8BC9CEB8-8B4A-11D0-8D11-00A0C91BC942}") = "FolloweMe", "FolloweMe\FolloweMe.vcxproj", "{32AABF13-503C-4A08-909C-03162B9AD3CE}"
EndProject
Global
	GlobalSection(SolutionConfigurationPlatforms) = preSolution
		Debug|x64 = Debug|x64
		Debug|x86 = Debug|x86
		Release|x64 = Release|x64
		Release|x86 = Release|x86
	EndGlobalSection
	GlobalSection(ProjectConfigurationPlatforms) = postSolution
		{32AABF13-503C-4A08-909C-03162B9AD3CE}.Debug|x64.ActiveCfg = Debug|x64
		{32AABF13-503C-4A08-909C-03162B9AD3CE}.Debug|x64.Build.0 = Debug|x64
		{32AABF13-503C-4A08-909C-03162B9AD3CE}.Debug|x86.ActiveCfg = Debug|Win32
		{32AABF13-503C-4A08-909C-03162B9AD3CE}.Debug|x86.Build.0 = Debug|Win32
		{32AABF13-503C-4A08-909C-03162B9AD3CE}.Release|x64.ActiveCfg = Release|x64
		{32AABF13-503C-4A08-909C-03162B9AD3CE}.Release|x64.Build.0 = Release|x64
		{32AABF13-503C-4A08-909C-03162B9AD3CE}.Release|x86.ActiveCfg = Release|Win32
		{32AABF13-503C-4A08-909C-03162B9AD3CE}.Release|x86.Build.0 = Release|Win32
	EndGlobalSection
	GlobalSection(SolutionProperties) = preSolution
		HideSolutionNode = FALSE
	EndGlobalSection
	GlobalSection(ExtensibilityGlobals) = postSolution
		SolutionGuid = {10AFD1A3-2510-465B-82C7-FCC72F07C30A}
	EndGlobalSection
EndGlobal
